// !$*UTF8*$!
{
	archiveVersion = 1;
	classes = {
	};
	objectVersion = 56;
	objects = {

/* Begin PBXBuildFile section */
		4EF0C2AE751CE9BF4F0C6A9F /* Pods_LifestyleApp.framework in Frameworks */ = {isa = PBXBuildFile; fileRef = 6189605DE1603E74759A3352 /* Pods_LifestyleApp.framework */; };
		5723093B2B24004D00AA92D1 /* README.md in Resources */ = {isa = PBXBuildFile; fileRef = 5723093A2B24004D00AA92D1 /* README.md */; };
		5723093D2B240D0500AA92D1 /* TabBarC.swift in Sources */ = {isa = PBXBuildFile; fileRef = 5723093C2B240D0500AA92D1 /* TabBarC.swift */; };
		5723093F2B2410DD00AA92D1 /* PostVC.swift in Sources */ = {isa = PBXBuildFile; fileRef = 5723093E2B2410DD00AA92D1 /* PostVC.swift */; };
		572309412B25397D00AA92D1 /* Extensions.swift in Sources */ = {isa = PBXBuildFile; fileRef = 572309402B25397D00AA92D1 /* Extensions.swift */; };
		572309432B254CF000AA92D1 /* NoteEditVC.swift in Sources */ = {isa = PBXBuildFile; fileRef = 572309422B254CF000AA92D1 /* NoteEditVC.swift */; };
		5745B8802B2018FB007A8EE3 /* AppDelegate.swift in Sources */ = {isa = PBXBuildFile; fileRef = 5745B87F2B2018FB007A8EE3 /* AppDelegate.swift */; };
		5745B8822B2018FB007A8EE3 /* SceneDelegate.swift in Sources */ = {isa = PBXBuildFile; fileRef = 5745B8812B2018FB007A8EE3 /* SceneDelegate.swift */; };
		5745B8842B2018FB007A8EE3 /* ViewController.swift in Sources */ = {isa = PBXBuildFile; fileRef = 5745B8832B2018FB007A8EE3 /* ViewController.swift */; };
		5745B8872B2018FB007A8EE3 /* Main.storyboard in Resources */ = {isa = PBXBuildFile; fileRef = 5745B8852B2018FB007A8EE3 /* Main.storyboard */; };
		5745B88A2B2018FB007A8EE3 /* LifestyleApp.xcdatamodeld in Sources */ = {isa = PBXBuildFile; fileRef = 5745B8882B2018FB007A8EE3 /* LifestyleApp.xcdatamodeld */; };
		5745B88C2B2018FC007A8EE3 /* Assets.xcassets in Resources */ = {isa = PBXBuildFile; fileRef = 5745B88B2B2018FC007A8EE3 /* Assets.xcassets */; };
		5745B88F2B2018FC007A8EE3 /* LaunchScreen.storyboard in Resources */ = {isa = PBXBuildFile; fileRef = 5745B88D2B2018FC007A8EE3 /* LaunchScreen.storyboard */; };
		5745B8972B219883007A8EE3 /* HomeVC.swift in Sources */ = {isa = PBXBuildFile; fileRef = 5745B8962B219883007A8EE3 /* HomeVC.swift */; };
		5745B8992B21A31C007A8EE3 /* FollowVC.swift in Sources */ = {isa = PBXBuildFile; fileRef = 5745B8982B21A31C007A8EE3 /* FollowVC.swift */; };
		5745B89B2B21A32F007A8EE3 /* DiscoveryVC.swift in Sources */ = {isa = PBXBuildFile; fileRef = 5745B89A2B21A32F007A8EE3 /* DiscoveryVC.swift */; };
		5745B89D2B21A345007A8EE3 /* NearByVC.swift in Sources */ = {isa = PBXBuildFile; fileRef = 5745B89C2B21A345007A8EE3 /* NearByVC.swift */; };
		5745B89F2B229D43007A8EE3 /* Constants.swift in Sources */ = {isa = PBXBuildFile; fileRef = 5745B89E2B229D43007A8EE3 /* Constants.swift */; };
		5745B8A32B22ED21007A8EE3 /* WaterfallVC.swift in Sources */ = {isa = PBXBuildFile; fileRef = 5745B8A22B22ED21007A8EE3 /* WaterfallVC.swift */; };
		5745B8A52B22F306007A8EE3 /* WaterfallCell.swift in Sources */ = {isa = PBXBuildFile; fileRef = 5745B8A42B22F306007A8EE3 /* WaterfallCell.swift */; };
		579CA8F92B255EF200B84981 /* PhotoCell.swift in Sources */ = {isa = PBXBuildFile; fileRef = 579CA8F82B255EF200B84981 /* PhotoCell.swift */; };
		579CA8FB2B257C9100B84981 /* PhotoFooter.swift in Sources */ = {isa = PBXBuildFile; fileRef = 579CA8FA2B257C9100B84981 /* PhotoFooter.swift */; };
		579CA8FF2B26B33700B84981 /* NoteEdit-DrapDrop.swift in Sources */ = {isa = PBXBuildFile; fileRef = 579CA8FE2B26B33700B84981 /* NoteEdit-DrapDrop.swift */; };
		579CA9012B26C25B00B84981 /* NoteEditVC-CollectionView.swift in Sources */ = {isa = PBXBuildFile; fileRef = 579CA9002B26C25B00B84981 /* NoteEditVC-CollectionView.swift */; };
		579CA9032B26DB6200B84981 /* NoteEditVC-Config.swift in Sources */ = {isa = PBXBuildFile; fileRef = 579CA9022B26DB6200B84981 /* NoteEditVC-Config.swift */; };
		579CA9052B27B3D100B84981 /* TODO.txt in Resources */ = {isa = PBXBuildFile; fileRef = 579CA9042B27B3D100B84981 /* TODO.txt */; };
		579CA9072B27BF7600B84981 /* ChannelVC.swift in Sources */ = {isa = PBXBuildFile; fileRef = 579CA9062B27BF7600B84981 /* ChannelVC.swift */; };
		579CA9092B27CC4000B84981 /* ChannelTableVC.swift in Sources */ = {isa = PBXBuildFile; fileRef = 579CA9082B27CC4000B84981 /* ChannelTableVC.swift */; };
		579CA90B2B27F14C00B84981 /* Protocols.swift in Sources */ = {isa = PBXBuildFile; fileRef = 579CA90A2B27F14C00B84981 /* Protocols.swift */; };
/* End PBXBuildFile section */

/* Begin PBXFileReference section */
		52E09B5D123225E132E299DB /* Pods-LifestyleApp.debug.xcconfig */ = {isa = PBXFileReference; includeInIndex = 1; lastKnownFileType = text.xcconfig; name = "Pods-LifestyleApp.debug.xcconfig"; path = "Target Support Files/Pods-LifestyleApp/Pods-LifestyleApp.debug.xcconfig"; sourceTree = "<group>"; };
		5723093A2B24004D00AA92D1 /* README.md */ = {isa = PBXFileReference; lastKnownFileType = net.daringfireball.markdown; path = README.md; sourceTree = "<group>"; };
		5723093C2B240D0500AA92D1 /* TabBarC.swift */ = {isa = PBXFileReference; lastKnownFileType = sourcecode.swift; path = TabBarC.swift; sourceTree = "<group>"; };
		5723093E2B2410DD00AA92D1 /* PostVC.swift */ = {isa = PBXFileReference; lastKnownFileType = sourcecode.swift; path = PostVC.swift; sourceTree = "<group>"; };
		572309402B25397D00AA92D1 /* Extensions.swift */ = {isa = PBXFileReference; lastKnownFileType = sourcecode.swift; path = Extensions.swift; sourceTree = "<group>"; };
		572309422B254CF000AA92D1 /* NoteEditVC.swift */ = {isa = PBXFileReference; lastKnownFileType = sourcecode.swift; path = NoteEditVC.swift; sourceTree = "<group>"; };
		5745B87C2B2018FB007A8EE3 /* LifestyleApp.app */ = {isa = PBXFileReference; explicitFileType = wrapper.application; includeInIndex = 0; path = LifestyleApp.app; sourceTree = BUILT_PRODUCTS_DIR; };
		5745B87F2B2018FB007A8EE3 /* AppDelegate.swift */ = {isa = PBXFileReference; lastKnownFileType = sourcecode.swift; path = AppDelegate.swift; sourceTree = "<group>"; };
		5745B8812B2018FB007A8EE3 /* SceneDelegate.swift */ = {isa = PBXFileReference; lastKnownFileType = sourcecode.swift; path = SceneDelegate.swift; sourceTree = "<group>"; };
		5745B8832B2018FB007A8EE3 /* ViewController.swift */ = {isa = PBXFileReference; lastKnownFileType = sourcecode.swift; path = ViewController.swift; sourceTree = "<group>"; };
		5745B8862B2018FB007A8EE3 /* Base */ = {isa = PBXFileReference; lastKnownFileType = file.storyboard; name = Base; path = Base.lproj/Main.storyboard; sourceTree = "<group>"; };
		5745B8892B2018FB007A8EE3 /* LifestyleApp.xcdatamodel */ = {isa = PBXFileReference; lastKnownFileType = wrapper.xcdatamodel; path = LifestyleApp.xcdatamodel; sourceTree = "<group>"; };
		5745B88B2B2018FC007A8EE3 /* Assets.xcassets */ = {isa = PBXFileReference; lastKnownFileType = folder.assetcatalog; path = Assets.xcassets; sourceTree = "<group>"; };
		5745B88E2B2018FC007A8EE3 /* Base */ = {isa = PBXFileReference; lastKnownFileType = file.storyboard; name = Base; path = Base.lproj/LaunchScreen.storyboard; sourceTree = "<group>"; };
		5745B8902B2018FC007A8EE3 /* Info.plist */ = {isa = PBXFileReference; lastKnownFileType = text.plist.xml; path = Info.plist; sourceTree = "<group>"; };
		5745B8962B219883007A8EE3 /* HomeVC.swift */ = {isa = PBXFileReference; lastKnownFileType = sourcecode.swift; path = HomeVC.swift; sourceTree = "<group>"; };
		5745B8982B21A31C007A8EE3 /* FollowVC.swift */ = {isa = PBXFileReference; lastKnownFileType = sourcecode.swift; path = FollowVC.swift; sourceTree = "<group>"; };
		5745B89A2B21A32F007A8EE3 /* DiscoveryVC.swift */ = {isa = PBXFileReference; lastKnownFileType = sourcecode.swift; path = DiscoveryVC.swift; sourceTree = "<group>"; };
		5745B89C2B21A345007A8EE3 /* NearByVC.swift */ = {isa = PBXFileReference; lastKnownFileType = sourcecode.swift; path = NearByVC.swift; sourceTree = "<group>"; };
		5745B89E2B229D43007A8EE3 /* Constants.swift */ = {isa = PBXFileReference; lastKnownFileType = sourcecode.swift; path = Constants.swift; sourceTree = "<group>"; };
		5745B8A22B22ED21007A8EE3 /* WaterfallVC.swift */ = {isa = PBXFileReference; lastKnownFileType = sourcecode.swift; path = WaterfallVC.swift; sourceTree = "<group>"; };
		5745B8A42B22F306007A8EE3 /* WaterfallCell.swift */ = {isa = PBXFileReference; lastKnownFileType = sourcecode.swift; path = WaterfallCell.swift; sourceTree = "<group>"; };
		579CA8F82B255EF200B84981 /* PhotoCell.swift */ = {isa = PBXFileReference; lastKnownFileType = sourcecode.swift; path = PhotoCell.swift; sourceTree = "<group>"; };
		579CA8FA2B257C9100B84981 /* PhotoFooter.swift */ = {isa = PBXFileReference; lastKnownFileType = sourcecode.swift; path = PhotoFooter.swift; sourceTree = "<group>"; };
		579CA8FD2B26686600B84981 /* LittlePink-Bridging-Header.h */ = {isa = PBXFileReference; lastKnownFileType = sourcecode.c.h; path = "LittlePink-Bridging-Header.h"; sourceTree = "<group>"; };
		579CA8FE2B26B33700B84981 /* NoteEdit-DrapDrop.swift */ = {isa = PBXFileReference; lastKnownFileType = sourcecode.swift; path = "NoteEdit-DrapDrop.swift"; sourceTree = "<group>"; };
		579CA9002B26C25B00B84981 /* NoteEditVC-CollectionView.swift */ = {isa = PBXFileReference; lastKnownFileType = sourcecode.swift; path = "NoteEditVC-CollectionView.swift"; sourceTree = "<group>"; };
		579CA9022B26DB6200B84981 /* NoteEditVC-Config.swift */ = {isa = PBXFileReference; lastKnownFileType = sourcecode.swift; path = "NoteEditVC-Config.swift"; sourceTree = "<group>"; };
		579CA9042B27B3D100B84981 /* TODO.txt */ = {isa = PBXFileReference; lastKnownFileType = text; path = TODO.txt; sourceTree = "<group>"; };
		579CA9062B27BF7600B84981 /* ChannelVC.swift */ = {isa = PBXFileReference; lastKnownFileType = sourcecode.swift; path = ChannelVC.swift; sourceTree = "<group>"; };
		579CA9082B27CC4000B84981 /* ChannelTableVC.swift */ = {isa = PBXFileReference; lastKnownFileType = sourcecode.swift; path = ChannelTableVC.swift; sourceTree = "<group>"; };
		579CA90A2B27F14C00B84981 /* Protocols.swift */ = {isa = PBXFileReference; lastKnownFileType = sourcecode.swift; path = Protocols.swift; sourceTree = "<group>"; };
		6189605DE1603E74759A3352 /* Pods_LifestyleApp.framework */ = {isa = PBXFileReference; explicitFileType = wrapper.framework; includeInIndex = 0; path = Pods_LifestyleApp.framework; sourceTree = BUILT_PRODUCTS_DIR; };
		9B08B328704528581F670892 /* Pods-LifestyleApp.release.xcconfig */ = {isa = PBXFileReference; includeInIndex = 1; lastKnownFileType = text.xcconfig; name = "Pods-LifestyleApp.release.xcconfig"; path = "Target Support Files/Pods-LifestyleApp/Pods-LifestyleApp.release.xcconfig"; sourceTree = "<group>"; };
/* End PBXFileReference section */

/* Begin PBXFrameworksBuildPhase section */
		5745B8792B2018FB007A8EE3 /* Frameworks */ = {
			isa = PBXFrameworksBuildPhase;
			buildActionMask = 2147483647;
			files = (
				4EF0C2AE751CE9BF4F0C6A9F /* Pods_LifestyleApp.framework in Frameworks */,
			);
			runOnlyForDeploymentPostprocessing = 0;
		};
/* End PBXFrameworksBuildPhase section */

/* Begin PBXGroup section */
		572309382B23FEEF00AA92D1 /* Waterfall */ = {
			isa = PBXGroup;
			children = (
				5745B8A22B22ED21007A8EE3 /* WaterfallVC.swift */,
				5745B8A42B22F306007A8EE3 /* WaterfallCell.swift */,
			);
			path = Waterfall;
			sourceTree = "<group>";
		};
		572309392B23FF0200AA92D1 /* Common */ = {
			isa = PBXGroup;
			children = (
				5745B89E2B229D43007A8EE3 /* Constants.swift */,
				572309402B25397D00AA92D1 /* Extensions.swift */,
				579CA90A2B27F14C00B84981 /* Protocols.swift */,
			);
			path = Common;
			sourceTree = "<group>";
		};
		5745B8732B2018FB007A8EE3 = {
			isa = PBXGroup;
			children = (
				5723093A2B24004D00AA92D1 /* README.md */,
				579CA9042B27B3D100B84981 /* TODO.txt */,
				5745B87E2B2018FB007A8EE3 /* LifestyleApp */,
				5745B87D2B2018FB007A8EE3 /* Products */,
				E0F7295FA7593985866B53C2 /* Pods */,
				A9994341F4D357FC4F51463D /* Frameworks */,
			);
			sourceTree = "<group>";
		};
		5745B87D2B2018FB007A8EE3 /* Products */ = {
			isa = PBXGroup;
			children = (
				5745B87C2B2018FB007A8EE3 /* LifestyleApp.app */,
			);
			name = Products;
			sourceTree = "<group>";
		};
		5745B87E2B2018FB007A8EE3 /* LifestyleApp */ = {
			isa = PBXGroup;
			children = (
				5745B87F2B2018FB007A8EE3 /* AppDelegate.swift */,
				5745B8812B2018FB007A8EE3 /* SceneDelegate.swift */,
				5745B8832B2018FB007A8EE3 /* ViewController.swift */,
				5745B8852B2018FB007A8EE3 /* Main.storyboard */,
				5723093C2B240D0500AA92D1 /* TabBarC.swift */,
				5723093E2B2410DD00AA92D1 /* PostVC.swift */,
				579CA8FC2B25824400B84981 /* NoteEdit */,
				572309382B23FEEF00AA92D1 /* Waterfall */,
				5745B8A02B229F5D007A8EE3 /* Home */,
				572309392B23FF0200AA92D1 /* Common */,
				5745B88D2B2018FC007A8EE3 /* LaunchScreen.storyboard */,
				5745B88B2B2018FC007A8EE3 /* Assets.xcassets */,
				5745B8902B2018FC007A8EE3 /* Info.plist */,
				5745B8882B2018FB007A8EE3 /* LifestyleApp.xcdatamodeld */,
				579CA8FD2B26686600B84981 /* LittlePink-Bridging-Header.h */,
			);
			path = LifestyleApp;
			sourceTree = "<group>";
		};
		5745B8A02B229F5D007A8EE3 /* Home */ = {
			isa = PBXGroup;
			children = (
				5745B8982B21A31C007A8EE3 /* FollowVC.swift */,
				5745B89A2B21A32F007A8EE3 /* DiscoveryVC.swift */,
				5745B89C2B21A345007A8EE3 /* NearByVC.swift */,
				5745B8962B219883007A8EE3 /* HomeVC.swift */,
			);
			path = Home;
			sourceTree = "<group>";
		};
		579CA8FC2B25824400B84981 /* NoteEdit */ = {
			isa = PBXGroup;
			children = (
				572309422B254CF000AA92D1 /* NoteEditVC.swift */,
				579CA9022B26DB6200B84981 /* NoteEditVC-Config.swift */,
				579CA9002B26C25B00B84981 /* NoteEditVC-CollectionView.swift */,
				579CA8FE2B26B33700B84981 /* NoteEdit-DrapDrop.swift */,
				579CA8F82B255EF200B84981 /* PhotoCell.swift */,
				579CA8FA2B257C9100B84981 /* PhotoFooter.swift */,
				579CA9062B27BF7600B84981 /* ChannelVC.swift */,
				579CA9082B27CC4000B84981 /* ChannelTableVC.swift */,
			);
			path = NoteEdit;
			sourceTree = "<group>";
		};
		A9994341F4D357FC4F51463D /* Frameworks */ = {
			isa = PBXGroup;
			children = (
				6189605DE1603E74759A3352 /* Pods_LifestyleApp.framework */,
			);
			name = Frameworks;
			sourceTree = "<group>";
		};
		E0F7295FA7593985866B53C2 /* Pods */ = {
			isa = PBXGroup;
			children = (
				52E09B5D123225E132E299DB /* Pods-LifestyleApp.debug.xcconfig */,
				9B08B328704528581F670892 /* Pods-LifestyleApp.release.xcconfig */,
			);
			path = Pods;
			sourceTree = "<group>";
		};
/* End PBXGroup section */

/* Begin PBXNativeTarget section */
		5745B87B2B2018FB007A8EE3 /* LifestyleApp */ = {
			isa = PBXNativeTarget;
			buildConfigurationList = 5745B8932B2018FC007A8EE3 /* Build configuration list for PBXNativeTarget "LifestyleApp" */;
			buildPhases = (
				B5979957E319D0CA0F5FE6A8 /* [CP] Check Pods Manifest.lock */,
				5745B8782B2018FB007A8EE3 /* Sources */,
				5745B8792B2018FB007A8EE3 /* Frameworks */,
				5745B87A2B2018FB007A8EE3 /* Resources */,
				EA7EF98C0A22A5A34549FAB5 /* [CP] Embed Pods Frameworks */,
			);
			buildRules = (
			);
			dependencies = (
			);
			name = LifestyleApp;
			productName = LifestyleApp;
			productReference = 5745B87C2B2018FB007A8EE3 /* LifestyleApp.app */;
			productType = "com.apple.product-type.application";
		};
/* End PBXNativeTarget section */

/* Begin PBXProject section */
		5745B8742B2018FB007A8EE3 /* Project object */ = {
			isa = PBXProject;
			attributes = {
				BuildIndependentTargetsInParallel = 1;
				LastSwiftUpdateCheck = 1400;
				LastUpgradeCheck = 1400;
				TargetAttributes = {
					5745B87B2B2018FB007A8EE3 = {
						CreatedOnToolsVersion = 14.0;
					};
				};
			};
			buildConfigurationList = 5745B8772B2018FB007A8EE3 /* Build configuration list for PBXProject "LifestyleApp" */;
			compatibilityVersion = "Xcode 14.0";
			developmentRegion = en;
			hasScannedForEncodings = 0;
			knownRegions = (
				en,
				Base,
			);
			mainGroup = 5745B8732B2018FB007A8EE3;
			productRefGroup = 5745B87D2B2018FB007A8EE3 /* Products */;
			projectDirPath = "";
			projectRoot = "";
			targets = (
				5745B87B2B2018FB007A8EE3 /* LifestyleApp */,
			);
		};
/* End PBXProject section */

/* Begin PBXResourcesBuildPhase section */
		5745B87A2B2018FB007A8EE3 /* Resources */ = {
			isa = PBXResourcesBuildPhase;
			buildActionMask = 2147483647;
			files = (
				579CA9052B27B3D100B84981 /* TODO.txt in Resources */,
				5745B88F2B2018FC007A8EE3 /* LaunchScreen.storyboard in Resources */,
				5745B88C2B2018FC007A8EE3 /* Assets.xcassets in Resources */,
				5723093B2B24004D00AA92D1 /* README.md in Resources */,
				5745B8872B2018FB007A8EE3 /* Main.storyboard in Resources */,
			);
			runOnlyForDeploymentPostprocessing = 0;
		};
/* End PBXResourcesBuildPhase section */

/* Begin PBXShellScriptBuildPhase section */
		B5979957E319D0CA0F5FE6A8 /* [CP] Check Pods Manifest.lock */ = {
			isa = PBXShellScriptBuildPhase;
			buildActionMask = 2147483647;
			files = (
			);
			inputFileListPaths = (
			);
			inputPaths = (
				"${PODS_PODFILE_DIR_PATH}/Podfile.lock",
				"${PODS_ROOT}/Manifest.lock",
			);
			name = "[CP] Check Pods Manifest.lock";
			outputFileListPaths = (
			);
			outputPaths = (
				"$(DERIVED_FILE_DIR)/Pods-LifestyleApp-checkManifestLockResult.txt",
			);
			runOnlyForDeploymentPostprocessing = 0;
			shellPath = /bin/sh;
			shellScript = "diff \"${PODS_PODFILE_DIR_PATH}/Podfile.lock\" \"${PODS_ROOT}/Manifest.lock\" > /dev/null\nif [ $? != 0 ] ; then\n    # print error to STDERR\n    echo \"error: The sandbox is not in sync with the Podfile.lock. Run 'pod install' or update your CocoaPods installation.\" >&2\n    exit 1\nfi\n# This output is used by Xcode 'outputs' to avoid re-running this script phase.\necho \"SUCCESS\" > \"${SCRIPT_OUTPUT_FILE_0}\"\n";
			showEnvVarsInLog = 0;
		};
		EA7EF98C0A22A5A34549FAB5 /* [CP] Embed Pods Frameworks */ = {
			isa = PBXShellScriptBuildPhase;
			buildActionMask = 2147483647;
			files = (
			);
			inputFileListPaths = (
				"${PODS_ROOT}/Target Support Files/Pods-LifestyleApp/Pods-LifestyleApp-frameworks-${CONFIGURATION}-input-files.xcfilelist",
			);
			name = "[CP] Embed Pods Frameworks";
			outputFileListPaths = (
				"${PODS_ROOT}/Target Support Files/Pods-LifestyleApp/Pods-LifestyleApp-frameworks-${CONFIGURATION}-output-files.xcfilelist",
			);
			runOnlyForDeploymentPostprocessing = 0;
			shellPath = /bin/sh;
			shellScript = "\"${PODS_ROOT}/Target Support Files/Pods-LifestyleApp/Pods-LifestyleApp-frameworks.sh\"\n";
			showEnvVarsInLog = 0;
		};
/* End PBXShellScriptBuildPhase section */

/* Begin PBXSourcesBuildPhase section */
		5745B8782B2018FB007A8EE3 /* Sources */ = {
			isa = PBXSourcesBuildPhase;
			buildActionMask = 2147483647;
			files = (
				579CA8FB2B257C9100B84981 /* PhotoFooter.swift in Sources */,
				579CA90B2B27F14C00B84981 /* Protocols.swift in Sources */,
				579CA8FF2B26B33700B84981 /* NoteEdit-DrapDrop.swift in Sources */,
				5723093F2B2410DD00AA92D1 /* PostVC.swift in Sources */,
				5745B8842B2018FB007A8EE3 /* ViewController.swift in Sources */,
				572309432B254CF000AA92D1 /* NoteEditVC.swift in Sources */,
				5745B8992B21A31C007A8EE3 /* FollowVC.swift in Sources */,
				5745B8A52B22F306007A8EE3 /* WaterfallCell.swift in Sources */,
				5745B8972B219883007A8EE3 /* HomeVC.swift in Sources */,
				5745B89D2B21A345007A8EE3 /* NearByVC.swift in Sources */,
				5745B8802B2018FB007A8EE3 /* AppDelegate.swift in Sources */,
				5745B89B2B21A32F007A8EE3 /* DiscoveryVC.swift in Sources */,
				5723093D2B240D0500AA92D1 /* TabBarC.swift in Sources */,
				579CA8F92B255EF200B84981 /* PhotoCell.swift in Sources */,
				579CA9072B27BF7600B84981 /* ChannelVC.swift in Sources */,
				579CA9012B26C25B00B84981 /* NoteEditVC-CollectionView.swift in Sources */,
				579CA9032B26DB6200B84981 /* NoteEditVC-Config.swift in Sources */,
				5745B8822B2018FB007A8EE3 /* SceneDelegate.swift in Sources */,
				5745B88A2B2018FB007A8EE3 /* LifestyleApp.xcdatamodeld in Sources */,
				5745B8A32B22ED21007A8EE3 /* WaterfallVC.swift in Sources */,
				579CA9092B27CC4000B84981 /* ChannelTableVC.swift in Sources */,
				5745B89F2B229D43007A8EE3 /* Constants.swift in Sources */,
				572309412B25397D00AA92D1 /* Extensions.swift in Sources */,
			);
			runOnlyForDeploymentPostprocessing = 0;
		};
/* End PBXSourcesBuildPhase section */

/* Begin PBXVariantGroup section */
		5745B8852B2018FB007A8EE3 /* Main.storyboard */ = {
			isa = PBXVariantGroup;
			children = (
				5745B8862B2018FB007A8EE3 /* Base */,
			);
			name = Main.storyboard;
			sourceTree = "<group>";
		};
		5745B88D2B2018FC007A8EE3 /* LaunchScreen.storyboard */ = {
			isa = PBXVariantGroup;
			children = (
				5745B88E2B2018FC007A8EE3 /* Base */,
			);
			name = LaunchScreen.storyboard;
			sourceTree = "<group>";
		};
/* End PBXVariantGroup section */

/* Begin XCBuildConfiguration section */
		5745B8912B2018FC007A8EE3 /* Debug */ = {
			isa = XCBuildConfiguration;
			buildSettings = {
				ALWAYS_SEARCH_USER_PATHS = NO;
				CLANG_ANALYZER_NONNULL = YES;
				CLANG_ANALYZER_NUMBER_OBJECT_CONVERSION = YES_AGGRESSIVE;
				CLANG_CXX_LANGUAGE_STANDARD = "gnu++20";
				CLANG_ENABLE_MODULES = YES;
				CLANG_ENABLE_OBJC_ARC = YES;
				CLANG_ENABLE_OBJC_WEAK = YES;
				CLANG_WARN_BLOCK_CAPTURE_AUTORELEASING = YES;
				CLANG_WARN_BOOL_CONVERSION = YES;
				CLANG_WARN_COMMA = YES;
				CLANG_WARN_CONSTANT_CONVERSION = YES;
				CLANG_WARN_DEPRECATED_OBJC_IMPLEMENTATIONS = YES;
				CLANG_WARN_DIRECT_OBJC_ISA_USAGE = YES_ERROR;
				CLANG_WARN_DOCUMENTATION_COMMENTS = YES;
				CLANG_WARN_EMPTY_BODY = YES;
				CLANG_WARN_ENUM_CONVERSION = YES;
				CLANG_WARN_INFINITE_RECURSION = YES;
				CLANG_WARN_INT_CONVERSION = YES;
				CLANG_WARN_NON_LITERAL_NULL_CONVERSION = YES;
				CLANG_WARN_OBJC_IMPLICIT_RETAIN_SELF = YES;
				CLANG_WARN_OBJC_LITERAL_CONVERSION = YES;
				CLANG_WARN_OBJC_ROOT_CLASS = YES_ERROR;
				CLANG_WARN_QUOTED_INCLUDE_IN_FRAMEWORK_HEADER = YES;
				CLANG_WARN_RANGE_LOOP_ANALYSIS = YES;
				CLANG_WARN_STRICT_PROTOTYPES = YES;
				CLANG_WARN_SUSPICIOUS_MOVE = YES;
				CLANG_WARN_UNGUARDED_AVAILABILITY = YES_AGGRESSIVE;
				CLANG_WARN_UNREACHABLE_CODE = YES;
				CLANG_WARN__DUPLICATE_METHOD_MATCH = YES;
				COPY_PHASE_STRIP = NO;
				DEBUG_INFORMATION_FORMAT = dwarf;
				ENABLE_STRICT_OBJC_MSGSEND = YES;
				ENABLE_TESTABILITY = YES;
				GCC_C_LANGUAGE_STANDARD = gnu11;
				GCC_DYNAMIC_NO_PIC = NO;
				GCC_NO_COMMON_BLOCKS = YES;
				GCC_OPTIMIZATION_LEVEL = 0;
				GCC_PREPROCESSOR_DEFINITIONS = (
					"DEBUG=1",
					"$(inherited)",
				);
				GCC_WARN_64_TO_32_BIT_CONVERSION = YES;
				GCC_WARN_ABOUT_RETURN_TYPE = YES_ERROR;
				GCC_WARN_UNDECLARED_SELECTOR = YES;
				GCC_WARN_UNINITIALIZED_AUTOS = YES_AGGRESSIVE;
				GCC_WARN_UNUSED_FUNCTION = YES;
				GCC_WARN_UNUSED_VARIABLE = YES;
				IPHONEOS_DEPLOYMENT_TARGET = 16.0;
				MTL_ENABLE_DEBUG_INFO = INCLUDE_SOURCE;
				MTL_FAST_MATH = YES;
				ONLY_ACTIVE_ARCH = YES;
				SDKROOT = iphoneos;
				SWIFT_ACTIVE_COMPILATION_CONDITIONS = DEBUG;
				SWIFT_OPTIMIZATION_LEVEL = "-Onone";
			};
			name = Debug;
		};
		5745B8922B2018FC007A8EE3 /* Release */ = {
			isa = XCBuildConfiguration;
			buildSettings = {
				ALWAYS_SEARCH_USER_PATHS = NO;
				CLANG_ANALYZER_NONNULL = YES;
				CLANG_ANALYZER_NUMBER_OBJECT_CONVERSION = YES_AGGRESSIVE;
				CLANG_CXX_LANGUAGE_STANDARD = "gnu++20";
				CLANG_ENABLE_MODULES = YES;
				CLANG_ENABLE_OBJC_ARC = YES;
				CLANG_ENABLE_OBJC_WEAK = YES;
				CLANG_WARN_BLOCK_CAPTURE_AUTORELEASING = YES;
				CLANG_WARN_BOOL_CONVERSION = YES;
				CLANG_WARN_COMMA = YES;
				CLANG_WARN_CONSTANT_CONVERSION = YES;
				CLANG_WARN_DEPRECATED_OBJC_IMPLEMENTATIONS = YES;
				CLANG_WARN_DIRECT_OBJC_ISA_USAGE = YES_ERROR;
				CLANG_WARN_DOCUMENTATION_COMMENTS = YES;
				CLANG_WARN_EMPTY_BODY = YES;
				CLANG_WARN_ENUM_CONVERSION = YES;
				CLANG_WARN_INFINITE_RECURSION = YES;
				CLANG_WARN_INT_CONVERSION = YES;
				CLANG_WARN_NON_LITERAL_NULL_CONVERSION = YES;
				CLANG_WARN_OBJC_IMPLICIT_RETAIN_SELF = YES;
				CLANG_WARN_OBJC_LITERAL_CONVERSION = YES;
				CLANG_WARN_OBJC_ROOT_CLASS = YES_ERROR;
				CLANG_WARN_QUOTED_INCLUDE_IN_FRAMEWORK_HEADER = YES;
				CLANG_WARN_RANGE_LOOP_ANALYSIS = YES;
				CLANG_WARN_STRICT_PROTOTYPES = YES;
				CLANG_WARN_SUSPICIOUS_MOVE = YES;
				CLANG_WARN_UNGUARDED_AVAILABILITY = YES_AGGRESSIVE;
				CLANG_WARN_UNREACHABLE_CODE = YES;
				CLANG_WARN__DUPLICATE_METHOD_MATCH = YES;
				COPY_PHASE_STRIP = NO;
				DEBUG_INFORMATION_FORMAT = "dwarf-with-dsym";
				ENABLE_NS_ASSERTIONS = NO;
				ENABLE_STRICT_OBJC_MSGSEND = YES;
				GCC_C_LANGUAGE_STANDARD = gnu11;
				GCC_NO_COMMON_BLOCKS = YES;
				GCC_WARN_64_TO_32_BIT_CONVERSION = YES;
				GCC_WARN_ABOUT_RETURN_TYPE = YES_ERROR;
				GCC_WARN_UNDECLARED_SELECTOR = YES;
				GCC_WARN_UNINITIALIZED_AUTOS = YES_AGGRESSIVE;
				GCC_WARN_UNUSED_FUNCTION = YES;
				GCC_WARN_UNUSED_VARIABLE = YES;
				IPHONEOS_DEPLOYMENT_TARGET = 16.0;
				MTL_ENABLE_DEBUG_INFO = NO;
				MTL_FAST_MATH = YES;
				SDKROOT = iphoneos;
				SWIFT_COMPILATION_MODE = wholemodule;
				SWIFT_OPTIMIZATION_LEVEL = "-O";
				VALIDATE_PRODUCT = YES;
			};
			name = Release;
		};
		5745B8942B2018FC007A8EE3 /* Debug */ = {
			isa = XCBuildConfiguration;
			baseConfigurationReference = 52E09B5D123225E132E299DB /* Pods-LifestyleApp.debug.xcconfig */;
			buildSettings = {
				ASSETCATALOG_COMPILER_APPICON_NAME = AppIcon;
				ASSETCATALOG_COMPILER_GLOBAL_ACCENT_COLOR_NAME = AccentColor;
				CODE_SIGN_STYLE = Automatic;
				CURRENT_PROJECT_VERSION = 1;
				DEVELOPMENT_TEAM = CX6B7U34AF;
				GENERATE_INFOPLIST_FILE = YES;
				INFOPLIST_FILE = LifestyleApp/Info.plist;
				INFOPLIST_KEY_CFBundleDisplayName = LifeYou;
				INFOPLIST_KEY_UIApplicationSupportsIndirectInputEvents = YES;
				INFOPLIST_KEY_UILaunchStoryboardName = LaunchScreen;
				INFOPLIST_KEY_UIMainStoryboardFile = Main;
				INFOPLIST_KEY_UISupportedInterfaceOrientations = UIInterfaceOrientationPortrait;
				INFOPLIST_KEY_UISupportedInterfaceOrientations_iPad = "UIInterfaceOrientationLandscapeLeft UIInterfaceOrientationLandscapeRight UIInterfaceOrientationPortrait UIInterfaceOrientationPortraitUpsideDown";
				LD_RUNPATH_SEARCH_PATHS = (
					"$(inherited)",
					"@executable_path/Frameworks",
				);
				MARKETING_VERSION = 1.0;
				PRODUCT_BUNDLE_IDENTIFIER = I6350.LifestyleApp;
				PRODUCT_NAME = "$(TARGET_NAME)";
				SUPPORTED_PLATFORMS = "iphoneos iphonesimulator";
				SUPPORTS_MACCATALYST = NO;
				SUPPORTS_MAC_DESIGNED_FOR_IPHONE_IPAD = NO;
				SWIFT_EMIT_LOC_STRINGS = YES;
				SWIFT_OBJC_BRIDGING_HEADER = "LifestyleApp/LittlePink-Bridging-Header.h";
				SWIFT_VERSION = 5.0;
				TARGETED_DEVICE_FAMILY = 1;
			};
			name = Debug;
		};
		5745B8952B2018FC007A8EE3 /* Release */ = {
			isa = XCBuildConfiguration;
			baseConfigurationReference = 9B08B328704528581F670892 /* Pods-LifestyleApp.release.xcconfig */;
			buildSettings = {
				ASSETCATALOG_COMPILER_APPICON_NAME = AppIcon;
				ASSETCATALOG_COMPILER_GLOBAL_ACCENT_COLOR_NAME = AccentColor;
				CODE_SIGN_STYLE = Automatic;
				CURRENT_PROJECT_VERSION = 1;
				DEVELOPMENT_TEAM = CX6B7U34AF;
				GENERATE_INFOPLIST_FILE = YES;
				INFOPLIST_FILE = LifestyleApp/Info.plist;
				INFOPLIST_KEY_CFBundleDisplayName = LifeYou;
				INFOPLIST_KEY_UIApplicationSupportsIndirectInputEvents = YES;
				INFOPLIST_KEY_UILaunchStoryboardName = LaunchScreen;
				INFOPLIST_KEY_UIMainStoryboardFile = Main;
				INFOPLIST_KEY_UISupportedInterfaceOrientations = UIInterfaceOrientationPortrait;
				INFOPLIST_KEY_UISupportedInterfaceOrientations_iPad = "UIInterfaceOrientationLandscapeLeft UIInterfaceOrientationLandscapeRight UIInterfaceOrientationPortrait UIInterfaceOrientationPortraitUpsideDown";
				LD_RUNPATH_SEARCH_PATHS = (
					"$(inherited)",
					"@executable_path/Frameworks",
				);
				MARKETING_VERSION = 1.0;
				PRODUCT_BUNDLE_IDENTIFIER = I6350.LifestyleApp;
				PRODUCT_NAME = "$(TARGET_NAME)";
				SUPPORTED_PLATFORMS = "iphoneos iphonesimulator";
				SUPPORTS_MACCATALYST = NO;
				SUPPORTS_MAC_DESIGNED_FOR_IPHONE_IPAD = NO;
				SWIFT_EMIT_LOC_STRINGS = YES;
				SWIFT_OBJC_BRIDGING_HEADER = "LifestyleApp/LittlePink-Bridging-Header.h";
				SWIFT_VERSION = 5.0;
				TARGETED_DEVICE_FAMILY = 1;
			};
			name = Release;
		};
/* End XCBuildConfiguration section */

/* Begin XCConfigurationList section */
		5745B8772B2018FB007A8EE3 /* Build configuration list for PBXProject "LifestyleApp" */ = {
			isa = XCConfigurationList;
			buildConfigurations = (
				5745B8912B2018FC007A8EE3 /* Debug */,
				5745B8922B2018FC007A8EE3 /* Release */,
			);
			defaultConfigurationIsVisible = 0;
			defaultConfigurationName = Release;
		};
		5745B8932B2018FC007A8EE3 /* Build configuration list for PBXNativeTarget "LifestyleApp" */ = {
			isa = XCConfigurationList;
			buildConfigurations = (
				5745B8942B2018FC007A8EE3 /* Debug */,
				5745B8952B2018FC007A8EE3 /* Release */,
			);
			defaultConfigurationIsVisible = 0;
			defaultConfigurationName = Release;
		};
/* End XCConfigurationList section */

/* Begin XCVersionGroup section */
		5745B8882B2018FB007A8EE3 /* LifestyleApp.xcdatamodeld */ = {
			isa = XCVersionGroup;
			children = (
				5745B8892B2018FB007A8EE3 /* LifestyleApp.xcdatamodel */,
			);
			currentVersion = 5745B8892B2018FB007A8EE3 /* LifestyleApp.xcdatamodel */;
			path = LifestyleApp.xcdatamodeld;
			sourceTree = "<group>";
			versionGroupType = wrapper.xcdatamodel;
		};
/* End XCVersionGroup section */
	};
	rootObject = 5745B8742B2018FB007A8EE3 /* Project object */;
}
